
Microsoft Visual Studio Solution File, Format Version 12.00
# Visual Studio Version 17
VisualStudioVersion = 17.7.34031.279
MinimumVisualStudioVersion = 10.0.40219.1
Project("{FAE04EC0-301F-11D3-BF4B-00C04F79EFBC}") = "Task 1.2_1", "Console Application\Task 1.2_1.csproj", "{5532C61B-0A6A-4877-9441-FC2BACA88519}"
EndProject
Project("{FAE04EC0-301F-11D3-BF4B-00C04F79EFBC}") = "Task 1.2_2", "Task 1.2_2\Task 1.2_2.csproj", "{50AD2F01-A71F-4965-8F3F-02F4D493F62E}"
EndProject
Global
	GlobalSection(SolutionConfigurationPlatforms) = preSolution
		Debug|Any CPU = Debug|Any CPU
		Release|Any CPU = Release|Any CPU
	EndGlobalSection
	GlobalSection(ProjectConfigurationPlatforms) = postSolution
		{5532C61B-0A6A-4877-9441-FC2BACA88519}.Debug|Any CPU.ActiveCfg = Debug|Any CPU
		{5532C61B-0A6A-4877-9441-FC2BACA88519}.Debug|Any CPU.Build.0 = Debug|Any CPU
		{5532C61B-0A6A-4877-9441-FC2BACA88519}.Release|Any CPU.ActiveCfg = Release|Any CPU
		{5532C61B-0A6A-4877-9441-FC2BACA88519}.Release|Any CPU.Build.0 = Release|Any CPU
		{50AD2F01-A71F-4965-8F3F-02F4D493F62E}.Debug|Any CPU.ActiveCfg = Debug|Any CPU
		{50AD2F01-A71F-4965-8F3F-02F4D493F62E}.Debug|Any CPU.Build.0 = Debug|Any CPU
		{50AD2F01-A71F-4965-8F3F-02F4D493F62E}.Debug|Any CPU.Deploy.0 = Debug|Any CPU
		{50AD2F01-A71F-4965-8F3F-02F4D493F62E}.Release|Any CPU.ActiveCfg = Release|Any CPU
		{50AD2F01-A71F-4965-8F3F-02F4D493F62E}.Release|Any CPU.Build.0 = Release|Any CPU
		{50AD2F01-A71F-4965-8F3F-02F4D493F62E}.Release|Any CPU.Deploy.0 = Release|Any CPU
	EndGlobalSection
	GlobalSection(SolutionProperties) = preSolution
		HideSolutionNode = FALSE
	EndGlobalSection
	GlobalSection(ExtensibilityGlobals) = postSolution
		SolutionGuid = {6E114112-6DBD-4594-BAE0-C93251559041}
	EndGlobalSection
EndGlobal
